// !$*UTF8*$!
{
	archiveVersion = 1;
	classes = {
	};
	objectVersion = 56;
	objects = {

/* Begin PBXBuildFile section */
		8C64CC852C96E4E200C744F4 /* RepTrackerApp.swift in Sources */ = {isa = PBXBuildFile; fileRef = 8C64CC842C96E4E200C744F4 /* RepTrackerApp.swift */; };
		8C64CC872C96E4E200C744F4 /* ContentView.swift in Sources */ = {isa = PBXBuildFile; fileRef = 8C64CC862C96E4E200C744F4 /* ContentView.swift */; };
		8C64CC892C96E4E200C744F4 /* Item.swift in Sources */ = {isa = PBXBuildFile; fileRef = 8C64CC882C96E4E200C744F4 /* Item.swift */; };
		8C64CC8B2C96E4E300C744F4 /* Assets.xcassets in Resources */ = {isa = PBXBuildFile; fileRef = 8C64CC8A2C96E4E300C744F4 /* Assets.xcassets */; };
		8C64CC8F2C96E4E300C744F4 /* Preview Assets.xcassets in Resources */ = {isa = PBXBuildFile; fileRef = 8C64CC8E2C96E4E300C744F4 /* Preview Assets.xcassets */; };
		8C64CC982C96E6E500C744F4 /* Workout.swift in Sources */ = {isa = PBXBuildFile; fileRef = 8C64CC972C96E6E500C744F4 /* Workout.swift */; };
		8CF41E242C96E83A00A984AE /* Exercise.swift in Sources */ = {isa = PBXBuildFile; fileRef = 8CF41E232C96E83A00A984AE /* Exercise.swift */; };
		8CF41E262C96E8A400A984AE /* ExerciseSet.swift in Sources */ = {isa = PBXBuildFile; fileRef = 8CF41E252C96E8A400A984AE /* ExerciseSet.swift */; };
		8CF41E282C96E96300A984AE /* WorkoutListView.swift in Sources */ = {isa = PBXBuildFile; fileRef = 8CF41E272C96E96300A984AE /* WorkoutListView.swift */; };
		8CF41E2A2C96EBB700A984AE /* WorkoutDetailView.swift in Sources */ = {isa = PBXBuildFile; fileRef = 8CF41E292C96EBB700A984AE /* WorkoutDetailView.swift */; };
		8CF41E2C2C96EC1D00A984AE /* AddWorkoutView.swift in Sources */ = {isa = PBXBuildFile; fileRef = 8CF41E2B2C96EC1D00A984AE /* AddWorkoutView.swift */; };
/* End PBXBuildFile section */

/* Begin PBXFileReference section */
		8C64CC812C96E4E200C744F4 /* RepTracker.app */ = {isa = PBXFileReference; explicitFileType = wrapper.application; includeInIndex = 0; path = RepTracker.app; sourceTree = BUILT_PRODUCTS_DIR; };
		8C64CC842C96E4E200C744F4 /* RepTrackerApp.swift */ = {isa = PBXFileReference; lastKnownFileType = sourcecode.swift; path = RepTrackerApp.swift; sourceTree = "<group>"; };
		8C64CC862C96E4E200C744F4 /* ContentView.swift */ = {isa = PBXFileReference; lastKnownFileType = sourcecode.swift; path = ContentView.swift; sourceTree = "<group>"; };
		8C64CC882C96E4E200C744F4 /* Item.swift */ = {isa = PBXFileReference; lastKnownFileType = sourcecode.swift; path = Item.swift; sourceTree = "<group>"; };
		8C64CC8A2C96E4E300C744F4 /* Assets.xcassets */ = {isa = PBXFileReference; lastKnownFileType = folder.assetcatalog; path = Assets.xcassets; sourceTree = "<group>"; };
		8C64CC8C2C96E4E300C744F4 /* RepTracker.entitlements */ = {isa = PBXFileReference; lastKnownFileType = text.plist.entitlements; path = RepTracker.entitlements; sourceTree = "<group>"; };
		8C64CC8E2C96E4E300C744F4 /* Preview Assets.xcassets */ = {isa = PBXFileReference; lastKnownFileType = folder.assetcatalog; path = "Preview Assets.xcassets"; sourceTree = "<group>"; };
		8C64CC972C96E6E500C744F4 /* Workout.swift */ = {isa = PBXFileReference; lastKnownFileType = sourcecode.swift; path = Workout.swift; sourceTree = "<group>"; };
		8CF41E232C96E83A00A984AE /* Exercise.swift */ = {isa = PBXFileReference; lastKnownFileType = sourcecode.swift; path = Exercise.swift; sourceTree = "<group>"; };
		8CF41E252C96E8A400A984AE /* ExerciseSet.swift */ = {isa = PBXFileReference; lastKnownFileType = sourcecode.swift; path = ExerciseSet.swift; sourceTree = "<group>"; };
		8CF41E272C96E96300A984AE /* WorkoutListView.swift */ = {isa = PBXFileReference; lastKnownFileType = sourcecode.swift; path = WorkoutListView.swift; sourceTree = "<group>"; };
		8CF41E292C96EBB700A984AE /* WorkoutDetailView.swift */ = {isa = PBXFileReference; lastKnownFileType = sourcecode.swift; path = WorkoutDetailView.swift; sourceTree = "<group>"; };
		8CF41E2B2C96EC1D00A984AE /* AddWorkoutView.swift */ = {isa = PBXFileReference; lastKnownFileType = sourcecode.swift; path = AddWorkoutView.swift; sourceTree = "<group>"; };
/* End PBXFileReference section */

/* Begin PBXFrameworksBuildPhase section */
		8C64CC7E2C96E4E200C744F4 /* Frameworks */ = {
			isa = PBXFrameworksBuildPhase;
			buildActionMask = 2147483647;
			files = (
			);
			runOnlyForDeploymentPostprocessing = 0;
		};
/* End PBXFrameworksBuildPhase section */

/* Begin PBXGroup section */
		8C64CC782C96E4E200C744F4 = {
			isa = PBXGroup;
			children = (
				8C64CC832C96E4E200C744F4 /* RepTracker */,
				8C64CC822C96E4E200C744F4 /* Products */,
			);
			sourceTree = "<group>";
		};
		8C64CC822C96E4E200C744F4 /* Products */ = {
			isa = PBXGroup;
			children = (
				8C64CC812C96E4E200C744F4 /* RepTracker.app */,
			);
			name = Products;
			sourceTree = "<group>";
		};
		8C64CC832C96E4E200C744F4 /* RepTracker */ = {
			isa = PBXGroup;
			children = (
				8C64CC962C96E6D100C744F4 /* Views */,
				8C64CC952C96E6C600C744F4 /* Models */,
				8C64CC842C96E4E200C744F4 /* RepTrackerApp.swift */,
				8C64CC862C96E4E200C744F4 /* ContentView.swift */,
				8C64CC882C96E4E200C744F4 /* Item.swift */,
				8C64CC8A2C96E4E300C744F4 /* Assets.xcassets */,
				8C64CC8C2C96E4E300C744F4 /* RepTracker.entitlements */,
				8C64CC8D2C96E4E300C744F4 /* Preview Content */,
			);
			path = RepTracker;
			sourceTree = "<group>";
		};
		8C64CC8D2C96E4E300C744F4 /* Preview Content */ = {
			isa = PBXGroup;
			children = (
				8C64CC8E2C96E4E300C744F4 /* Preview Assets.xcassets */,
			);
			path = "Preview Content";
			sourceTree = "<group>";
		};
		8C64CC952C96E6C600C744F4 /* Models */ = {
			isa = PBXGroup;
			children = (
				8C64CC972C96E6E500C744F4 /* Workout.swift */,
				8CF41E232C96E83A00A984AE /* Exercise.swift */,
				8CF41E252C96E8A400A984AE /* ExerciseSet.swift */,
			);
			path = Models;
			sourceTree = "<group>";
		};
		8C64CC962C96E6D100C744F4 /* Views */ = {
			isa = PBXGroup;
			children = (
				8CF41E272C96E96300A984AE /* WorkoutListView.swift */,
				8CF41E292C96EBB700A984AE /* WorkoutDetailView.swift */,
				8CF41E2B2C96EC1D00A984AE /* AddWorkoutView.swift */,
			);
			path = Views;
			sourceTree = "<group>";
		};
/* End PBXGroup section */

/* Begin PBXNativeTarget section */
		8C64CC802C96E4E200C744F4 /* RepTracker */ = {
			isa = PBXNativeTarget;
			buildConfigurationList = 8C64CC922C96E4E300C744F4 /* Build configuration list for PBXNativeTarget "RepTracker" */;
			buildPhases = (
				8C64CC7D2C96E4E200C744F4 /* Sources */,
				8C64CC7E2C96E4E200C744F4 /* Frameworks */,
				8C64CC7F2C96E4E200C744F4 /* Resources */,
			);
			buildRules = (
			);
			dependencies = (
			);
			name = RepTracker;
			productName = RepTracker;
			productReference = 8C64CC812C96E4E200C744F4 /* RepTracker.app */;
			productType = "com.apple.product-type.application";
		};
/* End PBXNativeTarget section */

/* Begin PBXProject section */
		8C64CC792C96E4E200C744F4 /* Project object */ = {
			isa = PBXProject;
			attributes = {
				BuildIndependentTargetsInParallel = 1;
				LastSwiftUpdateCheck = 1540;
				LastUpgradeCheck = 1540;
				TargetAttributes = {
					8C64CC802C96E4E200C744F4 = {
						CreatedOnToolsVersion = 15.4;
					};
				};
			};
			buildConfigurationList = 8C64CC7C2C96E4E200C744F4 /* Build configuration list for PBXProject "RepTracker" */;
			compatibilityVersion = "Xcode 14.0";
			developmentRegion = en;
			hasScannedForEncodings = 0;
			knownRegions = (
				en,
				Base,
			);
			mainGroup = 8C64CC782C96E4E200C744F4;
			productRefGroup = 8C64CC822C96E4E200C744F4 /* Products */;
			projectDirPath = "";
			projectRoot = "";
			targets = (
				8C64CC802C96E4E200C744F4 /* RepTracker */,
			);
		};
/* End PBXProject section */

/* Begin PBXResourcesBuildPhase section */
		8C64CC7F2C96E4E200C744F4 /* Resources */ = {
			isa = PBXResourcesBuildPhase;
			buildActionMask = 2147483647;
			files = (
				8C64CC8F2C96E4E300C744F4 /* Preview Assets.xcassets in Resources */,
				8C64CC8B2C96E4E300C744F4 /* Assets.xcassets in Resources */,
			);
			runOnlyForDeploymentPostprocessing = 0;
		};
/* End PBXResourcesBuildPhase section */

/* Begin PBXSourcesBuildPhase section */
		8C64CC7D2C96E4E200C744F4 /* Sources */ = {
			isa = PBXSourcesBuildPhase;
			buildActionMask = 2147483647;
			files = (
				8CF41E262C96E8A400A984AE /* ExerciseSet.swift in Sources */,
				8CF41E242C96E83A00A984AE /* Exercise.swift in Sources */,
				8C64CC872C96E4E200C744F4 /* ContentView.swift in Sources */,
				8CF41E2A2C96EBB700A984AE /* WorkoutDetailView.swift in Sources */,
				8CF41E2C2C96EC1D00A984AE /* AddWorkoutView.swift in Sources */,
				8CF41E282C96E96300A984AE /* WorkoutListView.swift in Sources */,
				8C64CC892C96E4E200C744F4 /* Item.swift in Sources */,
				8C64CC852C96E4E200C744F4 /* RepTrackerApp.swift in Sources */,
				8C64CC982C96E6E500C744F4 /* Workout.swift in Sources */,
			);
			runOnlyForDeploymentPostprocessing = 0;
		};
/* End PBXSourcesBuildPhase section */

/* Begin XCBuildConfiguration section */
		8C64CC902C96E4E300C744F4 /* Debug */ = {
			isa = XCBuildConfiguration;
			buildSettings = {
				ALWAYS_SEARCH_USER_PATHS = NO;
				ASSETCATALOG_COMPILER_GENERATE_SWIFT_ASSET_SYMBOL_EXTENSIONS = YES;
				CLANG_ANALYZER_NONNULL = YES;
				CLANG_ANALYZER_NUMBER_OBJECT_CONVERSION = YES_AGGRESSIVE;
				CLANG_CXX_LANGUAGE_STANDARD = "gnu++20";
				CLANG_ENABLE_MODULES = YES;
				CLANG_ENABLE_OBJC_ARC = YES;
				CLANG_ENABLE_OBJC_WEAK = YES;
				CLANG_WARN_BLOCK_CAPTURE_AUTORELEASING = YES;
				CLANG_WARN_BOOL_CONVERSION = YES;
				CLANG_WARN_COMMA = YES;
				CLANG_WARN_CONSTANT_CONVERSION = YES;
				CLANG_WARN_DEPRECATED_OBJC_IMPLEMENTATIONS = YES;
				CLANG_WARN_DIRECT_OBJC_ISA_USAGE = YES_ERROR;
				CLANG_WARN_DOCUMENTATION_COMMENTS = YES;
				CLANG_WARN_EMPTY_BODY = YES;
				CLANG_WARN_ENUM_CONVERSION = YES;
				CLANG_WARN_INFINITE_RECURSION = YES;
				CLANG_WARN_INT_CONVERSION = YES;
				CLANG_WARN_NON_LITERAL_NULL_CONVERSION = YES;
				CLANG_WARN_OBJC_IMPLICIT_RETAIN_SELF = YES;
				CLANG_WARN_OBJC_LITERAL_CONVERSION = YES;
				CLANG_WARN_OBJC_ROOT_CLASS = YES_ERROR;
				CLANG_WARN_QUOTED_INCLUDE_IN_FRAMEWORK_HEADER = YES;
				CLANG_WARN_RANGE_LOOP_ANALYSIS = YES;
				CLANG_WARN_STRICT_PROTOTYPES = YES;
				CLANG_WARN_SUSPICIOUS_MOVE = YES;
				CLANG_WARN_UNGUARDED_AVAILABILITY = YES_AGGRESSIVE;
				CLANG_WARN_UNREACHABLE_CODE = YES;
				CLANG_WARN__DUPLICATE_METHOD_MATCH = YES;
				COPY_PHASE_STRIP = NO;
				DEBUG_INFORMATION_FORMAT = dwarf;
				ENABLE_STRICT_OBJC_MSGSEND = YES;
				ENABLE_TESTABILITY = YES;
				ENABLE_USER_SCRIPT_SANDBOXING = YES;
				GCC_C_LANGUAGE_STANDARD = gnu17;
				GCC_DYNAMIC_NO_PIC = NO;
				GCC_NO_COMMON_BLOCKS = YES;
				GCC_OPTIMIZATION_LEVEL = 0;
				GCC_PREPROCESSOR_DEFINITIONS = (
					"DEBUG=1",
					"$(inherited)",
				);
				GCC_WARN_64_TO_32_BIT_CONVERSION = YES;
				GCC_WARN_ABOUT_RETURN_TYPE = YES_ERROR;
				GCC_WARN_UNDECLARED_SELECTOR = YES;
				GCC_WARN_UNINITIALIZED_AUTOS = YES_AGGRESSIVE;
				GCC_WARN_UNUSED_FUNCTION = YES;
				GCC_WARN_UNUSED_VARIABLE = YES;
				LOCALIZATION_PREFERS_STRING_CATALOGS = YES;
				MTL_ENABLE_DEBUG_INFO = INCLUDE_SOURCE;
				MTL_FAST_MATH = YES;
				ONLY_ACTIVE_ARCH = YES;
				SWIFT_ACTIVE_COMPILATION_CONDITIONS = "DEBUG $(inherited)";
				SWIFT_OPTIMIZATION_LEVEL = "-Onone";
			};
			name = Debug;
		};
		8C64CC912C96E4E300C744F4 /* Release */ = {
			isa = XCBuildConfiguration;
			buildSettings = {
				ALWAYS_SEARCH_USER_PATHS = NO;
				ASSETCATALOG_COMPILER_GENERATE_SWIFT_ASSET_SYMBOL_EXTENSIONS = YES;
				CLANG_ANALYZER_NONNULL = YES;
				CLANG_ANALYZER_NUMBER_OBJECT_CONVERSION = YES_AGGRESSIVE;
				CLANG_CXX_LANGUAGE_STANDARD = "gnu++20";
				CLANG_ENABLE_MODULES = YES;
				CLANG_ENABLE_OBJC_ARC = YES;
				CLANG_ENABLE_OBJC_WEAK = YES;
				CLANG_WARN_BLOCK_CAPTURE_AUTORELEASING = YES;
				CLANG_WARN_BOOL_CONVERSION = YES;
				CLANG_WARN_COMMA = YES;
				CLANG_WARN_CONSTANT_CONVERSION = YES;
				CLANG_WARN_DEPRECATED_OBJC_IMPLEMENTATIONS = YES;
				CLANG_WARN_DIRECT_OBJC_ISA_USAGE = YES_ERROR;
				CLANG_WARN_DOCUMENTATION_COMMENTS = YES;
				CLANG_WARN_EMPTY_BODY = YES;
				CLANG_WARN_ENUM_CONVERSION = YES;
				CLANG_WARN_INFINITE_RECURSION = YES;
				CLANG_WARN_INT_CONVERSION = YES;
				CLANG_WARN_NON_LITERAL_NULL_CONVERSION = YES;
				CLANG_WARN_OBJC_IMPLICIT_RETAIN_SELF = YES;
				CLANG_WARN_OBJC_LITERAL_CONVERSION = YES;
				CLANG_WARN_OBJC_ROOT_CLASS = YES_ERROR;
				CLANG_WARN_QUOTED_INCLUDE_IN_FRAMEWORK_HEADER = YES;
				CLANG_WARN_RANGE_LOOP_ANALYSIS = YES;
				CLANG_WARN_STRICT_PROTOTYPES = YES;
				CLANG_WARN_SUSPICIOUS_MOVE = YES;
				CLANG_WARN_UNGUARDED_AVAILABILITY = YES_AGGRESSIVE;
				CLANG_WARN_UNREACHABLE_CODE = YES;
				CLANG_WARN__DUPLICATE_METHOD_MATCH = YES;
				COPY_PHASE_STRIP = NO;
				DEBUG_INFORMATION_FORMAT = "dwarf-with-dsym";
				ENABLE_NS_ASSERTIONS = NO;
				ENABLE_STRICT_OBJC_MSGSEND = YES;
				ENABLE_USER_SCRIPT_SANDBOXING = YES;
				GCC_C_LANGUAGE_STANDARD = gnu17;
				GCC_NO_COMMON_BLOCKS = YES;
				GCC_WARN_64_TO_32_BIT_CONVERSION = YES;
				GCC_WARN_ABOUT_RETURN_TYPE = YES_ERROR;
				GCC_WARN_UNDECLARED_SELECTOR = YES;
				GCC_WARN_UNINITIALIZED_AUTOS = YES_AGGRESSIVE;
				GCC_WARN_UNUSED_FUNCTION = YES;
				GCC_WARN_UNUSED_VARIABLE = YES;
				LOCALIZATION_PREFERS_STRING_CATALOGS = YES;
				MTL_ENABLE_DEBUG_INFO = NO;
				MTL_FAST_MATH = YES;
				SWIFT_COMPILATION_MODE = wholemodule;
			};
			name = Release;
		};
		8C64CC932C96E4E300C744F4 /* Debug */ = {
			isa = XCBuildConfiguration;
			buildSettings = {
				ASSETCATALOG_COMPILER_APPICON_NAME = AppIcon;
				ASSETCATALOG_COMPILER_GLOBAL_ACCENT_COLOR_NAME = AccentColor;
				ASSETCATALOG_COMPILER_INCLUDE_ALL_APPICON_ASSETS = YES;
				CODE_SIGN_ENTITLEMENTS = RepTracker/RepTracker.entitlements;
				CODE_SIGN_STYLE = Automatic;
				CURRENT_PROJECT_VERSION = 1;
				DEVELOPMENT_ASSET_PATHS = "\"RepTracker/Preview Content\"";
				DEVELOPMENT_TEAM = RTMJQKDBP7;
				ENABLE_HARDENED_RUNTIME = YES;
				ENABLE_PREVIEWS = YES;
				GENERATE_INFOPLIST_FILE = YES;
				"INFOPLIST_KEY_UIApplicationSceneManifest_Generation[sdk=iphoneos*]" = YES;
				"INFOPLIST_KEY_UIApplicationSceneManifest_Generation[sdk=iphonesimulator*]" = YES;
				"INFOPLIST_KEY_UIApplicationSupportsIndirectInputEvents[sdk=iphoneos*]" = YES;
				"INFOPLIST_KEY_UIApplicationSupportsIndirectInputEvents[sdk=iphonesimulator*]" = YES;
				"INFOPLIST_KEY_UILaunchScreen_Generation[sdk=iphoneos*]" = YES;
				"INFOPLIST_KEY_UILaunchScreen_Generation[sdk=iphonesimulator*]" = YES;
				"INFOPLIST_KEY_UIStatusBarStyle[sdk=iphoneos*]" = UIStatusBarStyleDefault;
				"INFOPLIST_KEY_UIStatusBarStyle[sdk=iphonesimulator*]" = UIStatusBarStyleDefault;
				INFOPLIST_KEY_UISupportedInterfaceOrientations_iPad = "UIInterfaceOrientationPortrait UIInterfaceOrientationPortraitUpsideDown UIInterfaceOrientationLandscapeLeft UIInterfaceOrientationLandscapeRight";
				INFOPLIST_KEY_UISupportedInterfaceOrientations_iPhone = "UIInterfaceOrientationPortrait UIInterfaceOrientationLandscapeLeft UIInterfaceOrientationLandscapeRight";
				IPHONEOS_DEPLOYMENT_TARGET = 17.5;
				LD_RUNPATH_SEARCH_PATHS = "@executable_path/Frameworks";
				"LD_RUNPATH_SEARCH_PATHS[sdk=macosx*]" = "@executable_path/../Frameworks";
				MACOSX_DEPLOYMENT_TARGET = 14.0;
				MARKETING_VERSION = 1.0;
				PRODUCT_BUNDLE_IDENTIFIER = PD.RepTracker;
				PRODUCT_NAME = "$(TARGET_NAME)";
				SDKROOT = auto;
				SUPPORTED_PLATFORMS = "iphoneos iphonesimulator";
				SUPPORTS_MACCATALYST = NO;
				SWIFT_EMIT_LOC_STRINGS = YES;
				SWIFT_VERSION = 5.0;
				TARGETED_DEVICE_FAMILY = 1;
			};
			name = Debug;
		};
		8C64CC942C96E4E300C744F4 /* Release */ = {
			isa = XCBuildConfiguration;
			buildSettings = {
				ASSETCATALOG_COMPILER_APPICON_NAME = AppIcon;
				ASSETCATALOG_COMPILER_GLOBAL_ACCENT_COLOR_NAME = AccentColor;
				ASSETCATALOG_COMPILER_INCLUDE_ALL_APPICON_ASSETS = YES;
				CODE_SIGN_ENTITLEMENTS = RepTracker/RepTracker.entitlements;
				CODE_SIGN_STYLE = Automatic;
				CURRENT_PROJECT_VERSION = 1;
				DEVELOPMENT_ASSET_PATHS = "\"RepTracker/Preview Content\"";
				DEVELOPMENT_TEAM = RTMJQKDBP7;
				ENABLE_HARDENED_RUNTIME = YES;
				ENABLE_PREVIEWS = YES;
				GENERATE_INFOPLIST_FILE = YES;
				"INFOPLIST_KEY_UIApplicationSceneManifest_Generation[sdk=iphoneos*]" = YES;
				"INFOPLIST_KEY_UIApplicationSceneManifest_Generation[sdk=iphonesimulator*]" = YES;
				"INFOPLIST_KEY_UIApplicationSupportsIndirectInputEvents[sdk=iphoneos*]" = YES;
				"INFOPLIST_KEY_UIApplicationSupportsIndirectInputEvents[sdk=iphonesimulator*]" = YES;
				"INFOPLIST_KEY_UILaunchScreen_Generation[sdk=iphoneos*]" = YES;
				"INFOPLIST_KEY_UILaunchScreen_Generation[sdk=iphonesimulator*]" = YES;
				"INFOPLIST_KEY_UIStatusBarStyle[sdk=iphoneos*]" = UIStatusBarStyleDefault;
				"INFOPLIST_KEY_UIStatusBarStyle[sdk=iphonesimulator*]" = UIStatusBarStyleDefault;
				INFOPLIST_KEY_UISupportedInterfaceOrientations_iPad = "UIInterfaceOrientationPortrait UIInterfaceOrientationPortraitUpsideDown UIInterfaceOrientationLandscapeLeft UIInterfaceOrientationLandscapeRight";
				INFOPLIST_KEY_UISupportedInterfaceOrientations_iPhone = "UIInterfaceOrientationPortrait UIInterfaceOrientationLandscapeLeft UIInterfaceOrientationLandscapeRight";
				IPHONEOS_DEPLOYMENT_TARGET = 17.5;
				LD_RUNPATH_SEARCH_PATHS = "@executable_path/Frameworks";
				"LD_RUNPATH_SEARCH_PATHS[sdk=macosx*]" = "@executable_path/../Frameworks";
				MACOSX_DEPLOYMENT_TARGET = 14.0;
				MARKETING_VERSION = 1.0;
				PRODUCT_BUNDLE_IDENTIFIER = PD.RepTracker;
				PRODUCT_NAME = "$(TARGET_NAME)";
				SDKROOT = auto;
				SUPPORTED_PLATFORMS = "iphoneos iphonesimulator";
				SUPPORTS_MACCATALYST = NO;
				SWIFT_EMIT_LOC_STRINGS = YES;
				SWIFT_VERSION = 5.0;
				TARGETED_DEVICE_FAMILY = 1;
			};
			name = Release;
		};
/* End XCBuildConfiguration section */

/* Begin XCConfigurationList section */
		8C64CC7C2C96E4E200C744F4 /* Build configuration list for PBXProject "RepTracker" */ = {
			isa = XCConfigurationList;
			buildConfigurations = (
				8C64CC902C96E4E300C744F4 /* Debug */,
				8C64CC912C96E4E300C744F4 /* Release */,
			);
			defaultConfigurationIsVisible = 0;
			defaultConfigurationName = Release;
		};
		8C64CC922C96E4E300C744F4 /* Build configuration list for PBXNativeTarget "RepTracker" */ = {
			isa = XCConfigurationList;
			buildConfigurations = (
				8C64CC932C96E4E300C744F4 /* Debug */,
				8C64CC942C96E4E300C744F4 /* Release */,
			);
			defaultConfigurationIsVisible = 0;
			defaultConfigurationName = Release;
		};
/* End XCConfigurationList section */
	};
	rootObject = 8C64CC792C96E4E200C744F4 /* Project object */;
}
